
Microsoft Visual Studio Solution File, Format Version 12.00
# Visual Studio 14
VisualStudioVersion = 14.0.25029.0
MinimumVisualStudioVersion = 10.0.40219.1
Project("{FAE04EC0-301F-11D3-BF4B-00C04F79EFBC}") = "GladLive.Common", "src\GladLive.Common\GladLive.Common.csproj", "{7D640AB5-7644-48BC-A2B7-E6AA36FED2A4}"
EndProject
Project("{2150E333-8FDC-42A3-9474-1A3956D46DE8}") = "src", "src", "{33F4AF6D-0B4D-4257-AA5B-03942A6AB0FF}"
EndProject
Project("{2150E333-8FDC-42A3-9474-1A3956D46DE8}") = "tests", "tests", "{F89F2ECC-151A-4C3E-A7C6-24A97189ADE7}"
EndProject
Project("{FAE04EC0-301F-11D3-BF4B-00C04F79EFBC}") = "GladLive.Common.Tests", "tests\GladLive.Common.Tests\GladLive.Common.Tests.csproj", "{C4D4AB70-6398-4F00-8F53-A7C3E7646D16}"
EndProject
Project("{FAE04EC0-301F-11D3-BF4B-00C04F79EFBC}") = "GladLive.Common.Payloads", "src\GladLive.Common.Payloads\GladLive.Common.Payloads.csproj", "{AD7F4685-B652-4272-8F63-AD264D836EFE}"
EndProject
Global
	GlobalSection(SolutionConfigurationPlatforms) = preSolution
		Debug|Any CPU = Debug|Any CPU
		Release|Any CPU = Release|Any CPU
	EndGlobalSection
	GlobalSection(ProjectConfigurationPlatforms) = postSolution
		{7D640AB5-7644-48BC-A2B7-E6AA36FED2A4}.Debug|Any CPU.ActiveCfg = Debug|Any CPU
		{7D640AB5-7644-48BC-A2B7-E6AA36FED2A4}.Debug|Any CPU.Build.0 = Debug|Any CPU
		{7D640AB5-7644-48BC-A2B7-E6AA36FED2A4}.Release|Any CPU.ActiveCfg = Release|Any CPU
		{7D640AB5-7644-48BC-A2B7-E6AA36FED2A4}.Release|Any CPU.Build.0 = Release|Any CPU
		{C4D4AB70-6398-4F00-8F53-A7C3E7646D16}.Debug|Any CPU.ActiveCfg = Debug|Any CPU
		{C4D4AB70-6398-4F00-8F53-A7C3E7646D16}.Debug|Any CPU.Build.0 = Debug|Any CPU
		{C4D4AB70-6398-4F00-8F53-A7C3E7646D16}.Release|Any CPU.ActiveCfg = Release|Any CPU
		{C4D4AB70-6398-4F00-8F53-A7C3E7646D16}.Release|Any CPU.Build.0 = Release|Any CPU
		{AD7F4685-B652-4272-8F63-AD264D836EFE}.Debug|Any CPU.ActiveCfg = Debug|Any CPU
		{AD7F4685-B652-4272-8F63-AD264D836EFE}.Debug|Any CPU.Build.0 = Debug|Any CPU
		{AD7F4685-B652-4272-8F63-AD264D836EFE}.Release|Any CPU.ActiveCfg = Release|Any CPU
		{AD7F4685-B652-4272-8F63-AD264D836EFE}.Release|Any CPU.Build.0 = Release|Any CPU
	EndGlobalSection
	GlobalSection(SolutionProperties) = preSolution
		HideSolutionNode = FALSE
	EndGlobalSection
	GlobalSection(NestedProjects) = preSolution
		{7D640AB5-7644-48BC-A2B7-E6AA36FED2A4} = {33F4AF6D-0B4D-4257-AA5B-03942A6AB0FF}
		{C4D4AB70-6398-4F00-8F53-A7C3E7646D16} = {F89F2ECC-151A-4C3E-A7C6-24A97189ADE7}
		{AD7F4685-B652-4272-8F63-AD264D836EFE} = {33F4AF6D-0B4D-4257-AA5B-03942A6AB0FF}
	EndGlobalSection
EndGlobal
